{
  "originHash" : "0000000000000000000000000000000000000000000000000000000000000000",
  "pins" : [
    {
      "identity" : "mlx-swift",
      "kind" : "remoteSourceControl",
      "location" : "https://github.com/ml-explore/mlx-swift",
      "state" : {
        "branch" : "main"
      }
    },
    {
      "identity" : "mlx-swift-examples",
      "kind" : "remoteSourceControl",
      "location" : "https://github.com/ml-explore/mlx-swift-examples",
      "state" : {
        "branch" : "main"
      }
    }
  ],
  "version" : 3
}
